
Microsoft Visual Studio Solution File, Format Version 12.00
# Visual Studio 15
VisualStudioVersion = 15.0.27130.2027
MinimumVisualStudioVersion = 10.0.40219.1
Project("{FAE04EC0-301F-11D3-BF4B-00C04F79EFBC}") = "UI", "UI\UI.csproj", "{7A8C1270-470A-4B72-9385-7FBD36149596}"
	ProjectSection(ProjectDependencies) = postProject
		{C3CFE551-B13D-4ACA-B50D-0A1B2B669B5E} = {C3CFE551-B13D-4ACA-B50D-0A1B2B669B5E}
	EndProjectSection
EndProject
Project("{FAE04EC0-301F-11D3-BF4B-00C04F79EFBC}") = "MVVMLib", "MVVMLib\MVVMLib.csproj", "{BD29EF5B-A832-42AA-8132-57FE857C8582}"
EndProject
Project("{2150E333-8FDC-42A3-9474-1A3956D46DE8}") = "Solution Items", "Solution Items", "{E61F395E-002B-4ACD-B869-38844E6E6FBA}"
	ProjectSection(SolutionItems) = preProject
		database.bmp = database.bmp
		SQL.txt = SQL.txt
	EndProjectSection
EndProject
Project("{FAE04EC0-301F-11D3-BF4B-00C04F79EFBC}") = "DBService", "DBService\DBService.csproj", "{C3CFE551-B13D-4ACA-B50D-0A1B2B669B5E}"
EndProject
Project("{FAE04EC0-301F-11D3-BF4B-00C04F79EFBC}") = "KLConsole", "KLConsole\KLConsole.csproj", "{98FE3947-7371-4C1D-A396-C3F9E85517E2}"
	ProjectSection(ProjectDependencies) = postProject
		{C3CFE551-B13D-4ACA-B50D-0A1B2B669B5E} = {C3CFE551-B13D-4ACA-B50D-0A1B2B669B5E}
	EndProjectSection
EndProject
Project("{FAE04EC0-301F-11D3-BF4B-00C04F79EFBC}") = "Tests", "Tests\Tests.csproj", "{20A434CC-2A32-417D-B7D8-7F123148BD9D}"
	ProjectSection(ProjectDependencies) = postProject
		{C3CFE551-B13D-4ACA-B50D-0A1B2B669B5E} = {C3CFE551-B13D-4ACA-B50D-0A1B2B669B5E}
	EndProjectSection
EndProject
Global
	GlobalSection(SolutionConfigurationPlatforms) = preSolution
		Debug|Any CPU = Debug|Any CPU
		Release|Any CPU = Release|Any CPU
	EndGlobalSection
	GlobalSection(ProjectConfigurationPlatforms) = postSolution
		{7A8C1270-470A-4B72-9385-7FBD36149596}.Debug|Any CPU.ActiveCfg = Debug|Any CPU
		{7A8C1270-470A-4B72-9385-7FBD36149596}.Debug|Any CPU.Build.0 = Debug|Any CPU
		{7A8C1270-470A-4B72-9385-7FBD36149596}.Release|Any CPU.ActiveCfg = Release|Any CPU
		{7A8C1270-470A-4B72-9385-7FBD36149596}.Release|Any CPU.Build.0 = Release|Any CPU
		{BD29EF5B-A832-42AA-8132-57FE857C8582}.Debug|Any CPU.ActiveCfg = Debug|Any CPU
		{BD29EF5B-A832-42AA-8132-57FE857C8582}.Debug|Any CPU.Build.0 = Debug|Any CPU
		{BD29EF5B-A832-42AA-8132-57FE857C8582}.Release|Any CPU.ActiveCfg = Release|Any CPU
		{BD29EF5B-A832-42AA-8132-57FE857C8582}.Release|Any CPU.Build.0 = Release|Any CPU
		{C3CFE551-B13D-4ACA-B50D-0A1B2B669B5E}.Debug|Any CPU.ActiveCfg = Debug|Any CPU
		{C3CFE551-B13D-4ACA-B50D-0A1B2B669B5E}.Debug|Any CPU.Build.0 = Debug|Any CPU
		{C3CFE551-B13D-4ACA-B50D-0A1B2B669B5E}.Release|Any CPU.ActiveCfg = Release|Any CPU
		{C3CFE551-B13D-4ACA-B50D-0A1B2B669B5E}.Release|Any CPU.Build.0 = Release|Any CPU
		{98FE3947-7371-4C1D-A396-C3F9E85517E2}.Debug|Any CPU.ActiveCfg = Debug|Any CPU
		{98FE3947-7371-4C1D-A396-C3F9E85517E2}.Debug|Any CPU.Build.0 = Debug|Any CPU
		{98FE3947-7371-4C1D-A396-C3F9E85517E2}.Release|Any CPU.ActiveCfg = Release|Any CPU
		{98FE3947-7371-4C1D-A396-C3F9E85517E2}.Release|Any CPU.Build.0 = Release|Any CPU
		{20A434CC-2A32-417D-B7D8-7F123148BD9D}.Debug|Any CPU.ActiveCfg = Debug|Any CPU
		{20A434CC-2A32-417D-B7D8-7F123148BD9D}.Debug|Any CPU.Build.0 = Debug|Any CPU
		{20A434CC-2A32-417D-B7D8-7F123148BD9D}.Release|Any CPU.ActiveCfg = Release|Any CPU
		{20A434CC-2A32-417D-B7D8-7F123148BD9D}.Release|Any CPU.Build.0 = Release|Any CPU
	EndGlobalSection
	GlobalSection(SolutionProperties) = preSolution
		HideSolutionNode = FALSE
	EndGlobalSection
	GlobalSection(ExtensibilityGlobals) = postSolution
		SolutionGuid = {BC9EC932-3EF8-45EC-8C74-589D59C2F890}
	EndGlobalSection
EndGlobal
